
Microsoft Visual Studio Solution File, Format Version 12.00
# Visual Studio Version 17
VisualStudioVersion = 17.9.34723.18
MinimumVisualStudioVersion = 10.0.40219.1
Project("{9A19103F-16F7-4668-BE54-9A1E7A4F7556}") = "IpInformation", "Api\IpInformation.csproj", "{91883E4B-4CD4-450A-A3CE-78D7DC7023DF}"
EndProject
Project("{9A19103F-16F7-4668-BE54-9A1E7A4F7556}") = "DataAccess", "DataAccess\DataAccess.csproj", "{3559D466-61CE-460F-8180-8A43C1CAD8A8}"
EndProject
Project("{9A19103F-16F7-4668-BE54-9A1E7A4F7556}") = "Common", "Common\Common.csproj", "{0621F018-4774-44AF-AAA0-1817E730AEBE}"
EndProject
Project("{FAE04EC0-301F-11D3-BF4B-00C04F79EFBC}") = "UnitTests", "UnitTests\UnitTests.csproj", "{C14B2EC5-4903-4108-8303-7FBAD4FFEA3D}"
EndProject
Project("{FAE04EC0-301F-11D3-BF4B-00C04F79EFBC}") = "IntegrationTests", "IntegrationTests\IntegrationTests.csproj", "{E9922329-99B5-4BF6-AF0E-1231CE1D9D9D}"
EndProject
Global
	GlobalSection(SolutionConfigurationPlatforms) = preSolution
		Debug|Any CPU = Debug|Any CPU
		Release|Any CPU = Release|Any CPU
	EndGlobalSection
	GlobalSection(ProjectConfigurationPlatforms) = postSolution
		{91883E4B-4CD4-450A-A3CE-78D7DC7023DF}.Debug|Any CPU.ActiveCfg = Debug|Any CPU
		{91883E4B-4CD4-450A-A3CE-78D7DC7023DF}.Debug|Any CPU.Build.0 = Debug|Any CPU
		{91883E4B-4CD4-450A-A3CE-78D7DC7023DF}.Release|Any CPU.ActiveCfg = Release|Any CPU
		{91883E4B-4CD4-450A-A3CE-78D7DC7023DF}.Release|Any CPU.Build.0 = Release|Any CPU
		{3559D466-61CE-460F-8180-8A43C1CAD8A8}.Debug|Any CPU.ActiveCfg = Debug|Any CPU
		{3559D466-61CE-460F-8180-8A43C1CAD8A8}.Debug|Any CPU.Build.0 = Debug|Any CPU
		{3559D466-61CE-460F-8180-8A43C1CAD8A8}.Release|Any CPU.ActiveCfg = Release|Any CPU
		{3559D466-61CE-460F-8180-8A43C1CAD8A8}.Release|Any CPU.Build.0 = Release|Any CPU
		{0621F018-4774-44AF-AAA0-1817E730AEBE}.Debug|Any CPU.ActiveCfg = Debug|Any CPU
		{0621F018-4774-44AF-AAA0-1817E730AEBE}.Debug|Any CPU.Build.0 = Debug|Any CPU
		{0621F018-4774-44AF-AAA0-1817E730AEBE}.Release|Any CPU.ActiveCfg = Release|Any CPU
		{0621F018-4774-44AF-AAA0-1817E730AEBE}.Release|Any CPU.Build.0 = Release|Any CPU
		{C14B2EC5-4903-4108-8303-7FBAD4FFEA3D}.Debug|Any CPU.ActiveCfg = Debug|Any CPU
		{C14B2EC5-4903-4108-8303-7FBAD4FFEA3D}.Debug|Any CPU.Build.0 = Debug|Any CPU
		{C14B2EC5-4903-4108-8303-7FBAD4FFEA3D}.Release|Any CPU.ActiveCfg = Release|Any CPU
		{C14B2EC5-4903-4108-8303-7FBAD4FFEA3D}.Release|Any CPU.Build.0 = Release|Any CPU
		{E9922329-99B5-4BF6-AF0E-1231CE1D9D9D}.Debug|Any CPU.ActiveCfg = Debug|Any CPU
		{E9922329-99B5-4BF6-AF0E-1231CE1D9D9D}.Debug|Any CPU.Build.0 = Debug|Any CPU
		{E9922329-99B5-4BF6-AF0E-1231CE1D9D9D}.Release|Any CPU.ActiveCfg = Release|Any CPU
		{E9922329-99B5-4BF6-AF0E-1231CE1D9D9D}.Release|Any CPU.Build.0 = Release|Any CPU
	EndGlobalSection
	GlobalSection(SolutionProperties) = preSolution
		HideSolutionNode = FALSE
	EndGlobalSection
	GlobalSection(ExtensibilityGlobals) = postSolution
		SolutionGuid = {FE3874D4-C111-4031-9698-D6CE8CD289AA}
	EndGlobalSection
EndGlobal
